{
  "name": "image-to-video-app",
  "version": "1.0.0",
  "lockfileVersion": 3,
  "requires": true,
  "packages": {
    "": {
      "name": "image-to-video-app",
      "version": "1.0.0",
      "private": true,
      "dependencies": {
        "@types/node": "^22.10.0",
        "@types/react": "^18",
        "@types/react-dom": "^18",
        "eslint": "^8",
        "eslint-config-next": "15.1.6",
        "next": "15.1.6",
        "react": "^19",
        "react-dom": "^19",
        "typescript": "^5"
      }
    },
    "node_modules/@next/env": {
      "version": "15.1.6",
      "resolved": "https://registry.npmjs.org/@next/env/-/env-15.1.6.tgz",
      "integrity": "sha512-7gvL4h1gkQfAXjBM1xY0V0iKBJcOVGzhPPHxB3Y23LTpvh0K4gTYHI0MHqjCEj9cXKBM0CnO1z+8B4dWdQSHA=="
    },
    "node_modules/@swc/core": {
      "version": "1.10.8",
      "resolved": "https://registry.npmjs.org/@swc/core/-/core-1.10.8.tgz",
      "integrity": "sha512-5uD7rJqw0r3kI8YV1w8jGx4mj8JEkz3fWbSZJbSbdHl4/yx9YlWnLFx3M2Cv7gXLHCGYLfKvKzvYqS1OcO4mA=="
    },
    "node_modules/@swc/helpers": {
      "version": "0.5.17",
      "resolved": "https://registry.npmjs.org/@swc/helpers/-/helpers-0.5.17.tgz",
      "integrity": "sha512-lNHuXyL+N5YmMKr4Tz1Mzpvl7pYqo6Oo8H6qe1d2xWCz5NjMKfBk2j5hAn6rWaZEur2dqFfl8vApBkTKyJfg=="
    },
    "node_modules/@types/node": {
      "version": "22.10.0",
      "resolved": "https://registry.npmjs.org/@types/node/-/node-22.10.0.tgz",
      "integrity": "sha512-+ggwhVc2mTCM4k5ZzC1kWNFQAaxdwRqU0Uy5T0JzjZU+A/Nm7k1mWNkOT2//VQoH2R1s6L23dABBEXVNwMgqA==",
      "dependencies": {
        "undici-types": "~6.20.0"
      }
    },
    "node_modules/@types/react": {
      "version": "18.2.37",
      "resolved": "https://registry.npmjs.org/@types/react/-/react-18.2.37.tgz",
      "integrity": "sha512-ikAoH1OMjVKNqJJaQRWkqvfRtlJTz5s1i5I2kc5Gw+5vgvWCG9LcHW9p6pW4bCFkuNNvAh9NuTHHDTJPHZ6w==",
      "dependencies": {
        "@types/react-dom": "*"
      }
    },
    "node_modules/@types/react-dom": {
      "version": "18.2.15",
      "resolved": "https://registry.npmjs.org/@types/react-dom/-/react-dom-18.2.15.tgz",
      "integrity": "sha512-HeYvqPDMCY8/8yUo8VVNZVMQNLnCCsdhqo7Z5SzqjAQvnAu/4Nqano25vysAOs2Pqq+MQ+bLrwtIHq+Oopjtw==",
      "dependencies": {
        "@types/react": "*"
      }
    },
    "node_modules/busboy": {
      "version": "1.3.0",
      "resolved": "https://registry.npmjs.org/busboy/-/busboy-1.3.0.tgz",
      "integrity": "sha512-I7zwAstD6vqI8IaxBnhMnii+z5Z/qsCUK3OS2QhaberLaksvqnoUgT9R50MDyN7+e1Ddirective5wFvzknLVHQ=="
    },
    "node_modules/caniuse-lite": {
      "version": "1.0.30001579",
      "resolved": "https://registry.npmjs.org/caniuse-lite/-/caniuse-lite-1.0.30001579.tgz",
      "integrity": "sha512-H/7PUra4qxe3+LZ5LskFw/qCNCkKVvC/dFPjbAhJZiI8OA7r4DHMkPW6zfQn5jON22dw5fLqwUIl2yAGNfC0w=="
    },
    "node_modules/eslint": {
      "version": "8.57.0",
      "resolved": "https://registry.npmjs.org/eslint/-/eslint-8.57.0.tgz",
      "integrity": "sha512-dZ6+mexnaTIbSBZWvqcV+gy2qAWAgRBxL9c5QO9tVEO+pqcFSoRo5JFJ7ByGt/kLMRMn5Ky1BxiwDsMwSyIBQ=="
    },
    "node_modules/eslint-config-next": {
      "version": "15.1.6",
      "resolved": "https://registry.npmjs.org/eslint-config-next/-/eslint-config-next-15.1.6.tgz",
      "integrity": "sha512-m32E6X6s2xzQKzRLpJFfPFl4hSi5w2lRrFqVrXFhSH8w0c3H1l2I5bK5+J+L4fQ+DsZhL4t5LtXP4+xWD8JqA=="
    },
    "node_modules/graceful-fs": {
      "version": "4.2.11",
      "resolved": "https://registry.npmjs.org/graceful-fs/-/graceful-fs-4.2.11.tgz",
      "integrity": "sha512-RbNi4QQi5zYtsl13V8jnjaxoYc9c28S8UcJyoriginBLFeS4i0i/sBJQvCdxSABl9xy93cwVeJ2DT1+p4THNapA=="
    },
    "node_modules/next": {
      "version": "15.1.6",
      "resolved": "https://registry.npmjs.org/next/-/next-15.1.6.tgz",
      "integrity": "sha512-Y9fcjO8+XRjzN6KL5dVIH3d4LD0GhG5Wbq0SQi0e0BJyOczRH1pCfZM1PGYlN7v+ECnJJzqbCAkCa8c/pVjEVg==",
      "dependencies": {
        "@next/env": "15.1.6",
        "@swc/core": "^1.10.1",
        "@swc/helpers": "^0.5.17",
        "busboy": "^1.3.0",
        "caniuse-lite": "^1.0.30001579",
        "graceful-fs": "^4.2.11",
        "postcss": "^8.4.31",
        "react-dom": "^19.0.0",
        "styled-jsx": "5.1.6",
        "tailwindcss": "^4.0.0",
        "watchpack": "^2.4.1"
      }
    },
    "node_modules/postcss": {
      "version": "8.4.35",
      "resolved": "https://registry.npmjs.org/postcss/-/postcss-8.4.35.tgz",
      "integrity": "sha512-+OIac8mxi8zxF5qHnbOTBRAuErY4rDVLXXNkVx679s/2QnpIQN0cVU6zr1bM9Zm3vyy/VJHY6nR4Kg/BqrNeQ==",
      "dependencies": {
        "nanoid": "^3.3.7",
        "picocolors": "^1.0.1",
        "source-map-js": "^1.2.0"
      }
    },
    "node_modules/react": {
      "version": "19.0.0-rc-66855b96-20241106",
      "resolved": "https://registry.npmjs.org/react/-/react-19.0.0-rc-66855b96-20241106.tgz",
      "integrity": "sha512-fCG3t9P/n3cEKX0iEqKT5J5Hnz5FYJ6uRHC0z5hI6wLdRLQTfXhP9A7WqjA4KKFvVLuFRZYQb3eqLd1tBb8A=="
    },
    "node_modules/react-dom": {
      "version": "19.0.0-rc-66855b96-20241106",
      "resolved": "https://registry.npmjs.org/react-dom/-/react-dom-19.0.0-rc-66855b96-20241106.tgz",
      "integrity": "sha512-1xF3fKBCMPVZMPVPbJ2WdnJAfp+d/sAMpKTZ0TEvTIXsL8B72iKGvSvXAGMXvbtJ9zC3bkGmXdZHSpJKRTaFQ=="
    },
    "node_modules/source-map-js": {
      "version": "1.2.0",
      "resolved": "https://registry.npmjs.org/source-map-js/-/source-map-js-1.2.0.tgz",
      "integrity": "sha512-itJW8lvSA0TXX3sfrZo5DA1BmU5PGVVcABtKO+9vPMK7xm0P9n1K9TI0ztWNbJbC0LgEjy9C5S9pPDHQp3L5A=="
    },
    "node_modules/styled-jsx": {
      "version": "5.1.6",
      "resolved": "https://registry.npmjs.org/styled-jsx/-/styled-jsx-5.1.6.tgz",
      "integrity": "sha512-qg2DfuYKQiZJVyNHmzjKZ1+Js/V0tVPzwXXCnSfvhBQvvvtEYCa8F4aFPiFCfHMvFEJg6sI8M6FPNKaA3Q=="
    },
    "node_modules/tailwindcss": {
      "version": "4.0.1",
      "resolved": "https://registry.npmjs.org/tailwindcss/-/tailwindcss-4.0.1.tgz",
      "integrity": "sha512-XxCsKd7B8zHNrjV9LDAD22K0DX0W8dNu6hB+ToL4o3ENhNjC7pjJFkjEQLoYv0xmAjvKe7BHqLbvWB0x7j9Ew=="
    },
    "node_modules/typescript": {
      "version": "5.6.3",
      "resolved": "https://registry.npmjs.org/typescript/-/typescript-5.6.3.tgz",
      "integrity": "sha512-hjxF0ukBgZ2+yq/yWtYRigMhsSm5visbzjthsrcQSRXSfI5hQHwOzweIV+eCnu/+d131XJIZ+iq7mNgbMsDMw=="
    },
    "node_modules/undici-types": {
      "version": "6.20.0",
      "resolved": "https://registry.npmjs.org/undici-types/-/undici-types-6.20.0.tgz",
      "integrity": "sha512-Ny6QZ2Nju20vw1SRNlCJCXWLYAktLytQOVJ1E63nJnISJL8weiL7Q7doIkHm7K7uyEZW/ecRjMyWgv9mC5OOw=="
    },
    "node_modules/watchpack": {
      "version": "2.4.1",
      "resolved": "https://registry.npmjs.org/watchpack/-/watchpack-2.4.1.tgz",
      "integrity": "sha512-8wrBryMjvsqsrdynpgstSRxJBjBR0N9DfKKlNPMd4v3jWksaXduxQ3ftlp+4i+DCFRHw0QYOqrisVWDV01i0sMg=="
    },
    "node_modules/nanoid": {
      "version": "3.3.7",
      "resolved": "https://registry.npmjs.org/nanoid/-/nanoid-3.3.7.tgz",
      "integrity": "sha512-eSRppjcPIatRIMC1+gLHoV1A4pIxywGWtzorglM7qKstDrMnnaEHD8+E4r7AG7SJ6dKKUadS29K9RN0L6T9qnQ=="
    },
    "node_modules/picocolors": {
      "version": "1.0.1",
      "resolved": "https://registry.npmjs.org/picocolors/-/picocolors-1.0.1.tgz",
      "integrity": "sha512-anP1Z8qwhkbmu7MJVzRvZL9O/OKJQQytLlySARCoQwyG33S4YyTbsTu+UpLKWQnqJ1hZz2UES4Vwr9a+DJ8W8A=="
    }
  }
}
