{
  "name": "image-to-video-app",
  "version": "1.0.0",
  "lockfileVersion": 3,
  "requires": true,
  "packages": {
    "": {
      "name": "image-to-video-app",
      "version": "1.0.0",
      "private": true,
      "dependencies": {
        "@types/node": "^22.10.0",
        "@types/react": "^18",
        "@types/react-dom": "^18",
        "eslint": "^8",
        "eslint-config-next": "15.1.6",
        "next": "15.1.6",
        "react": "^19",
        "react-dom": "^19",
        "typescript": "^5"
      }
    },
    "node_modules/@next/env": {
      "version": "15.1.6",
      "resolved": "https://registry.npmjs.org/@next/env/-/env-15.1.6.tgz",
      "integrity": "sha512-7gvL4h1gkQfAXjBM1xY0V0iKBJcOVGzhPPHxB3Y23LTpvh0K4gTYHI0MHqjCEj9cXKBM0CnO1z+8B4dWdQSHA=="
    },
    "node_modules/@next/swc-darwin-arm64": {
      "version": "15.1.6",
      "resolved": "https://registry.npmjs.org/@next/swc-darwin-arm64/-/swc-darwin-arm64-15.1.6.tgz",
      "integrity": "sha512-1GzTNJRhKKQu0ZB9T5Pxvvp2l2+K1PxQQoFlZyQEAx4sLmDXfI5WzqnR0r9vNgGE6YDQKLvl7tEPO9Ngg3mDg==",
      "cpu": [
        "arm64"
      ],
      "optional": true,
      "os": [
        "darwin"
      ]
    },
    "node_modules/@next/swc-darwin-x64": {
      "version": "15.1.6",
      "resolved": "https://registry.npmjs.org/@next/swc-darwin-x64/-/swc-darwin-x64-15.1.6.tgz",
      "integrity": "sha512-W4YUnxoC7mR+eCAdIAEe76xYh0CyRKcfXFl18qdCKSEPmGzTpKu9PfFUGMyj8+xV1LmCN9KHGYhwZiEcj+Xew==",
      "cpu": [
        "x64"
      ],
      "optional": true,
      "os": [
        "darwin"
      ]
    },
    "node_modules/@next/swc-linux-arm64-gnu": {
      "version": "15.1.6",
      "resolved": "https://registry.npmjs.org/@next/swc-linux-arm64-gnu/-/swc-linux-arm64-gnu-15.1.6.tgz",
      "integrity": "sha512-8lZvEhqEkQQlP5V9oSXYf4yOj+fVhO3wLmDZNQqMUxS+mPhB3KVFmEBfO8nONs6XbAM8pHI0D/D4gTLfDPBKw==",
      "cpu": [
        "arm64"
      ],
      "optional": true,
      "os": [
        "linux"
      ]
    },
    "node_modules/@next/swc-linux-arm64-musl": {
      "version": "15.1.6",
      "resolved": "https://registry.npmjs.org/@next/swc-linux-arm64-musl/-/swc-linux-arm64-musl-15.1.6.tgz",
      "integrity": "sha512-W+b6V6IjMqmXfb6iJfFrKHI6xO9CrK4ycg8/HMTPE9EHNLcM9z+dwJlWjLlNKJc6bvYdHmvfXKPMNqfVl9L6Q==",
      "cpu": [
        "arm64"
      ],
      "optional": true,
      "os": [
        "linux"
      ]
    },
    "node_modules/@next/swc-linux-x64-gnu": {
      "version": "15.1.6",
      "resolved": "https://registry.npmjs.org/@next/swc-linux-x64-gnu/-/swc-linux-x64-gnu-15.1.6.tgz",
      "integrity": "sha512-LCxwDXU9pW9xDjVRGc0UbQKdvSh1dJYIJMwCGe6KLvLGK7MwCVBVrn/yrZqGCNLnPW8WvmkjKCZKyxr1lVfuA=="
    },
    "node_modules/@next/swc-linux-x64-musl": {
      "version": "15.1.6",
      "resolved": "https://registry.npmjs.org/@next/swc-linux-x64-musl/-/swc-linux-x64-musl-15.1.6.tgz",
      "integrity": "sha512-HiI30PQC0R/Jq9A8VvHLWxqHjXyFMLmNglHN1JI7Z2vQMFw/ZXPHbRkI6sG7q3m8vNVxhKt9p3VnUGH6bwG0w=="
    },
    "node_modules/@next/swc-win32-arm64-msvc": {
      "version": "15.1.6",
      "resolved": "https://registry.npmjs.org/@next/swc-win32-arm64-msvc/-/swc-win32-arm64-msvc-15.1.6.tgz",
      "integrity": "sha512-E/Q2u9T+D79+yvD/L5PvyGH6wnhv3P5R+mBp1uCvDmKhiH0V0Ll5gPMzxR4oPGHvnmHpJNdCbKCfb9nmvQUA==",
      "cpu": [
        "arm64"
      ],
      "optional": true,
      "os": [
        "win32"
      ]
    },
    "node_modules/@next/swc-win32-ia32-msvc": {
      "version": "15.1.6",
      "resolved": "https://registry.npmjs.org/@next/swc-win32-ia32-msvc/-/swc-win32-ia32-msvc-15.1.6.tgz",
      "integrity": "sha512-F2dKiqLU0GyiI3X7JDZR1TqMGr6B8hj6qJ9m/BdJjJNu8aqzLjnzRoSO3QLg2hf9LCJzqbCAkCa8c/pVjEVg==",
      "cpu": [
        "ia32"
      ],
      "optional": true,
      "os": [
        "win32"
      ]
    },
    "node_modules/@next/swc-win32-x64-msvc": {
      "version": "15.1.6",
      "resolved": "https://registry.npmjs.org/@next/swc-win32-x64-msvc/-/swc-win32-x64-msvc-15.1.6.tgz",
      "integrity": "sha512-LhC4aLmqVPCYFnEgc3jLfTbCKpYDBZRlJGYAG4LHI5XZ5W6tLVfgL/oXr/NM9K9e7CQ4ZvIp9j8dxr+sYnLGQ==",
      "cpu": [
        "x64"
      ],
      "optional": true,
      "os": [
        "win32"
      ]
    },
    "node_modules/@tailwindcss/postcss": {
      "version": "4.0.1",
      "resolved": "https://registry.npmjs.org/@tailwindcss/postcss/-/postcss-4.0.1.tgz",
      "integrity": "sha512-D5A7xEm5kkZxGVHDVuPhfQ8kHl4gSGhVqVPKVHaYFgmSQxqWiMzJ1/vxLgvIb63pjh6CqmKUHNGb+9xk2vdZw==",
      "peerDependencies": {
        "postcss": "^8.4.42"
      }
    },
    "node_modules/@types/node": {
      "version": "22.10.0",
      "resolved": "https://registry.npmjs.org/@types/node/-/node-22.10.0.tgz",
      "integrity": "sha512-+ggwhVc2mTCM4k5ZzC1kWNFQAaxdwRqU0Uy5T0JzjZU+A/Nm7k1mWNkOT2//VQoH2R1s6L23dABBEXVNwMgqA==",
      "dependencies": {
        "undici-types": "~6.20.0"
      }
    },
    "node_modules/@types/react": {
      "version": "18.2.37",
      "resolved": "https://registry.npmjs.org/@types/react/-/react-18.2.37.tgz",
      "integrity": "sha512-ikAoH1OMjVKNqJJaQRWkqvfRtlJTz5s1i5I2kc5Gw+5vgvWCG9LcHW9p6pW4bCFkuNNvAh9NuTHHDTJPHZ6w==",
      "dependencies": {
        "@types/react-dom": "*"
      }
    },
    "node_modules/@types/react-dom": {
      "version": "18.2.15",
      "resolved": "https://registry.npmjs.org/@types/react-dom/-/react-dom-18.2.15.tgz",
      "integrity": "sha512-HeYvqPDMCY8/8yUo8VVNZVMQNLnCCsdhqo7Z5SzqjAQvnAu/4Nqano25vysAOs2Pqq+MQ+bLrwtIHq+Oopjtw==",
      "dependencies": {
        "@types/react": "*"
      }
    },
    "node_modules/acorn": {
      "version": "8.11.3",
      "resolved": "https://registry.npmjs.org/acorn/-/acorn-8.11.3.tgz",
      "integrity": "sha512-Y9rRfJG5jcKOE0CLisYbojUjIrIEE7AGMzStudvQbQe+DKlzrBvVtQjAHNYWAws2UQK5a5NwblOAXzkwljLCAg=="
    },
    "node_modules/eslint": {
      "version": "8.57.0",
      "resolved": "https://registry.npmjs.org/eslint/-/eslint-8.57.0.tgz",
      "integrity": "sha512-dZ6+mexnaTIbSBZWvqcV+gy2qAWAgRBxL9c5QO9tVEO+pqcFSoRo5JFJ7ByGt/kLMRMn5Ky1BxiwDsMwSyIBQ=="
    },
    "node_modules/eslint-config-next": {
      "version": "15.1.6",
      "resolved": "https://registry.npmjs.org/eslint-config-next/-/eslint-config-next-15.1.6.tgz",
      "integrity": "sha512-m32E6X6s2xzQKzRLpJFfPFl4hSi5w2lRrFqVrXFhSH8w0c3H1l2I5bK5+J+L4fQ+DsZhL4t5LtXP4+xWD8JqA=="
    },
    "node_modules/next": {
      "version": "15.1.6",
      "resolved": "https://registry.npmjs.org/next/-/next-15.1.6.tgz",
      "integrity": "sha512-Y9fcjO8+XRjzN6KL5dVIH3d4LD0GhG5Wbq0SQi0e0BJyOczRH1pCfZM1PGYlN7v+ECnJXlKZTfM/qjN1T0Vlg==",
      "dependencies": {
        "@next/env": "15.1.6",
        "@swc/core": "^1.10.1",
        "@swc/helpers": "^0.5.17",
        "busboy": "^1.3.0",
        "caniuse-lite": "^1.0.30001579",
        "graceful-fs": "^4.2.11",
        "postcss": "^8.4.31",
        "react-dom": "^19.0.0",
        "styled-jsx": "5.1.6",
        "tailwindcss": "^4.0.0",
        "watchpack": "^2.4.1"
      },
      "engines": {
        "node": ">=20.9.0"
      }
    },
    "node_modules/postcss": {
      "version": "8.4.35",
      "resolved": "https://registry.npmjs.org/postcss/-/postcss-8.4.35.tgz",
      "integrity": "sha512-+OIac8mxi8zxF5qHnbOTBRAuErY4rDVLXXNkVx679s/2QnpIQN0cVU6zr1bM9Zm3vyy/VJHY6nR4Kg/BqrNeQ==",
      "dependencies": {
        "nanoid": "^3.3.7",
        "picocolors": "^1.0.1",
        "source-map-js": "^1.2.0"
      }
    },
    "node_modules/react": {
      "version": "19.0.0-rc-66855b96-20241106",
      "resolved": "https://registry.npmjs.org/react/-/react-19.0.0-rc-66855b96-20241106.tgz",
      "integrity": "sha512-fCG3t9P/n3cEKX0iEqKT5J5Hnz5FYJ6uRHC0z5hI6wLdRLQTfXhP9A7WqjA4KKFvVLuFRZYQb3eqLd1tBb8A=="
    },
    "node_modules/react-dom": {
      "version": "19.0.0-rc-66855b96-20241106",
      "resolved": "https://registry.npmjs.org/react-dom/-/react-dom-19.0.0-rc-66855b96-20241106.tgz",
      "integrity": "sha512-1xF3fKBCMPVZMPVPbJ2WdnJAfp+d/sAMpKTZ0TEvTIXsL8B72iKGvSvXAGMXvbtJ9zC3bkGmXdZHSpJKRTaFQ=="
    },
    "node_modules/typescript": {
      "version": "5.6.3",
      "resolved": "https://registry.npmjs.org/typescript/-/typescript-5.6.3.tgz",
      "integrity": "sha512-hjxF0ukBgZ2+yq/yWtYRigMhsSm5visbzjthsrcQSRXSfI5hQHwOzweIV+eCnu/+d131XJIZ+iq7mNgbMsDMw=="
    },
    "node_modules/undici-types": {
      "version": "6.20.0",
      "resolved": "https://registry.npmjs.org/undici-types/-/undici-types-6.20.0.tgz",
      "integrity": "sha512-Ny6QZ2Nju20vw1SRNlCJCXWLYAktLytQOVJ1E63nJnISJL8weiL7Q7doIkHm7K7uyEZW/ecRjMyWgv9mC5OOw=="
    }
  }
}
